
Microsoft Visual Studio Solution File, Format Version 12.00
# Visual Studio Version 17
VisualStudioVersion = 17.5.33424.131
MinimumVisualStudioVersion = 10.0.40219.1
Project("{FAE04EC0-301F-11D3-BF4B-00C04F79EFBC}") = "CABINVOICE", "CABINVOICE\CABINVOICE.csproj", "{0C39A2E6-4F6F-4D2D-B745-4678DB7BD797}"
EndProject
Project("{FAE04EC0-301F-11D3-BF4B-00C04F79EFBC}") = "CabInvoiceGeneratorTEST", "CabInvoiceGeneratorTEST\CabInvoiceGeneratorTEST.csproj", "{AE1AF1CC-6654-4C07-8328-287EF5926A71}"
EndProject
Global
	GlobalSection(SolutionConfigurationPlatforms) = preSolution
		Debug|Any CPU = Debug|Any CPU
		Release|Any CPU = Release|Any CPU
	EndGlobalSection
	GlobalSection(ProjectConfigurationPlatforms) = postSolution
		{0C39A2E6-4F6F-4D2D-B745-4678DB7BD797}.Debug|Any CPU.ActiveCfg = Debug|Any CPU
		{0C39A2E6-4F6F-4D2D-B745-4678DB7BD797}.Debug|Any CPU.Build.0 = Debug|Any CPU
		{0C39A2E6-4F6F-4D2D-B745-4678DB7BD797}.Release|Any CPU.ActiveCfg = Release|Any CPU
		{0C39A2E6-4F6F-4D2D-B745-4678DB7BD797}.Release|Any CPU.Build.0 = Release|Any CPU
		{AE1AF1CC-6654-4C07-8328-287EF5926A71}.Debug|Any CPU.ActiveCfg = Debug|Any CPU
		{AE1AF1CC-6654-4C07-8328-287EF5926A71}.Debug|Any CPU.Build.0 = Debug|Any CPU
		{AE1AF1CC-6654-4C07-8328-287EF5926A71}.Release|Any CPU.ActiveCfg = Release|Any CPU
		{AE1AF1CC-6654-4C07-8328-287EF5926A71}.Release|Any CPU.Build.0 = Release|Any CPU
	EndGlobalSection
	GlobalSection(SolutionProperties) = preSolution
		HideSolutionNode = FALSE
	EndGlobalSection
	GlobalSection(ExtensibilityGlobals) = postSolution
		SolutionGuid = {CFE75BB0-2A56-421A-8FFB-ACC8E082B381}
	EndGlobalSection
EndGlobal
